// !$*UTF8*$!
{
	archiveVersion = 1;
	classes = {
	};
	objectVersion = 56;
	objects = {

/* Begin PBXBuildFile section */
		C726CE3B295C092000EF549A /* TCAFrameworkDependencyBugApp.swift in Sources */ = {isa = PBXBuildFile; fileRef = C726CE3A295C092000EF549A /* TCAFrameworkDependencyBugApp.swift */; };
		C726CE3D295C092000EF549A /* ContentView.swift in Sources */ = {isa = PBXBuildFile; fileRef = C726CE3C295C092000EF549A /* ContentView.swift */; };
		C726CE3F295C092100EF549A /* Assets.xcassets in Resources */ = {isa = PBXBuildFile; fileRef = C726CE3E295C092100EF549A /* Assets.xcassets */; };
		C726CE42295C092100EF549A /* Preview Assets.xcassets in Resources */ = {isa = PBXBuildFile; fileRef = C726CE41295C092100EF549A /* Preview Assets.xcassets */; };
		C726CE4A295C097E00EF549A /* ComposableArchitecture in Frameworks */ = {isa = PBXBuildFile; productRef = C726CE49295C097E00EF549A /* ComposableArchitecture */; };
		C726CE4C295C097E00EF549A /* Dependencies in Frameworks */ = {isa = PBXBuildFile; productRef = C726CE4B295C097E00EF549A /* Dependencies */; };
		C726CE55295C09AD00EF549A /* SampleFramework.h in Headers */ = {isa = PBXBuildFile; fileRef = C726CE54295C09AD00EF549A /* SampleFramework.h */; settings = {ATTRIBUTES = (Public, ); }; };
		C726CE58295C09AD00EF549A /* SampleFramework.framework in Frameworks */ = {isa = PBXBuildFile; fileRef = C726CE52295C09AD00EF549A /* SampleFramework.framework */; };
		C726CE59295C09AD00EF549A /* SampleFramework.framework in Embed Frameworks */ = {isa = PBXBuildFile; fileRef = C726CE52295C09AD00EF549A /* SampleFramework.framework */; settings = {ATTRIBUTES = (CodeSignOnCopy, RemoveHeadersOnCopy, ); }; };
		C726CE60295C09C500EF549A /* ComposableArchitecture in Frameworks */ = {isa = PBXBuildFile; productRef = C726CE5F295C09C500EF549A /* ComposableArchitecture */; };
		C726CE62295C09C500EF549A /* Dependencies in Frameworks */ = {isa = PBXBuildFile; productRef = C726CE61295C09C500EF549A /* Dependencies */; };
/* End PBXBuildFile section */

/* Begin PBXContainerItemProxy section */
		C726CE56295C09AD00EF549A /* PBXContainerItemProxy */ = {
			isa = PBXContainerItemProxy;
			containerPortal = C726CE2F295C092000EF549A /* Project object */;
			proxyType = 1;
			remoteGlobalIDString = C726CE51295C09AD00EF549A;
			remoteInfo = SampleFramework;
		};
/* End PBXContainerItemProxy section */

/* Begin PBXCopyFilesBuildPhase section */
		C726CE5D295C09AD00EF549A /* Embed Frameworks */ = {
			isa = PBXCopyFilesBuildPhase;
			buildActionMask = 2147483647;
			dstPath = "";
			dstSubfolderSpec = 10;
			files = (
				C726CE59295C09AD00EF549A /* SampleFramework.framework in Embed Frameworks */,
			);
			name = "Embed Frameworks";
			runOnlyForDeploymentPostprocessing = 0;
		};
/* End PBXCopyFilesBuildPhase section */

/* Begin PBXFileReference section */
		C726CE37295C092000EF549A /* TCAFrameworkDependencyBug.app */ = {isa = PBXFileReference; explicitFileType = wrapper.application; includeInIndex = 0; path = TCAFrameworkDependencyBug.app; sourceTree = BUILT_PRODUCTS_DIR; };
		C726CE3A295C092000EF549A /* TCAFrameworkDependencyBugApp.swift */ = {isa = PBXFileReference; lastKnownFileType = sourcecode.swift; path = TCAFrameworkDependencyBugApp.swift; sourceTree = "<group>"; };
		C726CE3C295C092000EF549A /* ContentView.swift */ = {isa = PBXFileReference; lastKnownFileType = sourcecode.swift; path = ContentView.swift; sourceTree = "<group>"; };
		C726CE3E295C092100EF549A /* Assets.xcassets */ = {isa = PBXFileReference; lastKnownFileType = folder.assetcatalog; path = Assets.xcassets; sourceTree = "<group>"; };
		C726CE41295C092100EF549A /* Preview Assets.xcassets */ = {isa = PBXFileReference; lastKnownFileType = folder.assetcatalog; path = "Preview Assets.xcassets"; sourceTree = "<group>"; };
		C726CE52295C09AD00EF549A /* SampleFramework.framework */ = {isa = PBXFileReference; explicitFileType = wrapper.framework; includeInIndex = 0; path = SampleFramework.framework; sourceTree = BUILT_PRODUCTS_DIR; };
		C726CE54295C09AD00EF549A /* SampleFramework.h */ = {isa = PBXFileReference; lastKnownFileType = sourcecode.c.h; path = SampleFramework.h; sourceTree = "<group>"; };
/* End PBXFileReference section */

/* Begin PBXFrameworksBuildPhase section */
		C726CE34295C092000EF549A /* Frameworks */ = {
			isa = PBXFrameworksBuildPhase;
			buildActionMask = 2147483647;
			files = (
				C726CE4A295C097E00EF549A /* ComposableArchitecture in Frameworks */,
				C726CE4C295C097E00EF549A /* Dependencies in Frameworks */,
				C726CE58295C09AD00EF549A /* SampleFramework.framework in Frameworks */,
			);
			runOnlyForDeploymentPostprocessing = 0;
		};
		C726CE4F295C09AD00EF549A /* Frameworks */ = {
			isa = PBXFrameworksBuildPhase;
			buildActionMask = 2147483647;
			files = (
				C726CE60295C09C500EF549A /* ComposableArchitecture in Frameworks */,
				C726CE62295C09C500EF549A /* Dependencies in Frameworks */,
			);
			runOnlyForDeploymentPostprocessing = 0;
		};
/* End PBXFrameworksBuildPhase section */

/* Begin PBXGroup section */
		C726CE2E295C092000EF549A = {
			isa = PBXGroup;
			children = (
				C726CE39295C092000EF549A /* TCAFrameworkDependencyBug */,
				C726CE53295C09AD00EF549A /* SampleFramework */,
				C726CE38295C092000EF549A /* Products */,
				C726CE5E295C09C500EF549A /* Frameworks */,
			);
			sourceTree = "<group>";
		};
		C726CE38295C092000EF549A /* Products */ = {
			isa = PBXGroup;
			children = (
				C726CE37295C092000EF549A /* TCAFrameworkDependencyBug.app */,
				C726CE52295C09AD00EF549A /* SampleFramework.framework */,
			);
			name = Products;
			sourceTree = "<group>";
		};
		C726CE39295C092000EF549A /* TCAFrameworkDependencyBug */ = {
			isa = PBXGroup;
			children = (
				C726CE3A295C092000EF549A /* TCAFrameworkDependencyBugApp.swift */,
				C726CE3C295C092000EF549A /* ContentView.swift */,
				C726CE3E295C092100EF549A /* Assets.xcassets */,
				C726CE40295C092100EF549A /* Preview Content */,
			);
			path = TCAFrameworkDependencyBug;
			sourceTree = "<group>";
		};
		C726CE40295C092100EF549A /* Preview Content */ = {
			isa = PBXGroup;
			children = (
				C726CE41295C092100EF549A /* Preview Assets.xcassets */,
			);
			path = "Preview Content";
			sourceTree = "<group>";
		};
		C726CE53295C09AD00EF549A /* SampleFramework */ = {
			isa = PBXGroup;
			children = (
				C726CE54295C09AD00EF549A /* SampleFramework.h */,
			);
			path = SampleFramework;
			sourceTree = "<group>";
		};
		C726CE5E295C09C500EF549A /* Frameworks */ = {
			isa = PBXGroup;
			children = (
			);
			name = Frameworks;
			sourceTree = "<group>";
		};
/* End PBXGroup section */

/* Begin PBXHeadersBuildPhase section */
		C726CE4D295C09AD00EF549A /* Headers */ = {
			isa = PBXHeadersBuildPhase;
			buildActionMask = 2147483647;
			files = (
				C726CE55295C09AD00EF549A /* SampleFramework.h in Headers */,
			);
			runOnlyForDeploymentPostprocessing = 0;
		};
/* End PBXHeadersBuildPhase section */

/* Begin PBXNativeTarget section */
		C726CE36295C092000EF549A /* TCAFrameworkDependencyBug */ = {
			isa = PBXNativeTarget;
			buildConfigurationList = C726CE45295C092100EF549A /* Build configuration list for PBXNativeTarget "TCAFrameworkDependencyBug" */;
			buildPhases = (
				C726CE33295C092000EF549A /* Sources */,
				C726CE34295C092000EF549A /* Frameworks */,
				C726CE35295C092000EF549A /* Resources */,
				C726CE5D295C09AD00EF549A /* Embed Frameworks */,
			);
			buildRules = (
			);
			dependencies = (
				C726CE57295C09AD00EF549A /* PBXTargetDependency */,
			);
			name = TCAFrameworkDependencyBug;
			packageProductDependencies = (
				C726CE49295C097E00EF549A /* ComposableArchitecture */,
				C726CE4B295C097E00EF549A /* Dependencies */,
			);
			productName = TCAFrameworkDependencyBug;
			productReference = C726CE37295C092000EF549A /* TCAFrameworkDependencyBug.app */;
			productType = "com.apple.product-type.application";
		};
		C726CE51295C09AD00EF549A /* SampleFramework */ = {
			isa = PBXNativeTarget;
			buildConfigurationList = C726CE5A295C09AD00EF549A /* Build configuration list for PBXNativeTarget "SampleFramework" */;
			buildPhases = (
				C726CE4D295C09AD00EF549A /* Headers */,
				C726CE4E295C09AD00EF549A /* Sources */,
				C726CE4F295C09AD00EF549A /* Frameworks */,
				C726CE50295C09AD00EF549A /* Resources */,
			);
			buildRules = (
			);
			dependencies = (
			);
			name = SampleFramework;
			packageProductDependencies = (
				C726CE5F295C09C500EF549A /* ComposableArchitecture */,
				C726CE61295C09C500EF549A /* Dependencies */,
			);
			productName = SampleFramework;
			productReference = C726CE52295C09AD00EF549A /* SampleFramework.framework */;
			productType = "com.apple.product-type.framework";
		};
/* End PBXNativeTarget section */

/* Begin PBXProject section */
		C726CE2F295C092000EF549A /* Project object */ = {
			isa = PBXProject;
			attributes = {
				BuildIndependentTargetsInParallel = 1;
				LastSwiftUpdateCheck = 1410;
				LastUpgradeCheck = 1410;
				TargetAttributes = {
					C726CE36295C092000EF549A = {
						CreatedOnToolsVersion = 14.1;
					};
					C726CE51295C09AD00EF549A = {
						CreatedOnToolsVersion = 14.1;
					};
				};
			};
			buildConfigurationList = C726CE32295C092000EF549A /* Build configuration list for PBXProject "TCAFrameworkDependencyBug" */;
			compatibilityVersion = "Xcode 14.0";
			developmentRegion = en;
			hasScannedForEncodings = 0;
			knownRegions = (
				en,
				Base,
			);
			mainGroup = C726CE2E295C092000EF549A;
			packageReferences = (
				C726CE48295C097E00EF549A /* XCRemoteSwiftPackageReference "swift-composable-architecture" */,
			);
			productRefGroup = C726CE38295C092000EF549A /* Products */;
			projectDirPath = "";
			projectRoot = "";
			targets = (
				C726CE36295C092000EF549A /* TCAFrameworkDependencyBug */,
				C726CE51295C09AD00EF549A /* SampleFramework */,
			);
		};
/* End PBXProject section */

/* Begin PBXResourcesBuildPhase section */
		C726CE35295C092000EF549A /* Resources */ = {
			isa = PBXResourcesBuildPhase;
			buildActionMask = 2147483647;
			files = (
				C726CE42295C092100EF549A /* Preview Assets.xcassets in Resources */,
				C726CE3F295C092100EF549A /* Assets.xcassets in Resources */,
			);
			runOnlyForDeploymentPostprocessing = 0;
		};
		C726CE50295C09AD00EF549A /* Resources */ = {
			isa = PBXResourcesBuildPhase;
			buildActionMask = 2147483647;
			files = (
			);
			runOnlyForDeploymentPostprocessing = 0;
		};
/* End PBXResourcesBuildPhase section */

/* Begin PBXSourcesBuildPhase section */
		C726CE33295C092000EF549A /* Sources */ = {
			isa = PBXSourcesBuildPhase;
			buildActionMask = 2147483647;
			files = (
				C726CE3D295C092000EF549A /* ContentView.swift in Sources */,
				C726CE3B295C092000EF549A /* TCAFrameworkDependencyBugApp.swift in Sources */,
			);
			runOnlyForDeploymentPostprocessing = 0;
		};
		C726CE4E295C09AD00EF549A /* Sources */ = {
			isa = PBXSourcesBuildPhase;
			buildActionMask = 2147483647;
			files = (
			);
			runOnlyForDeploymentPostprocessing = 0;
		};
/* End PBXSourcesBuildPhase section */

/* Begin PBXTargetDependency section */
		C726CE57295C09AD00EF549A /* PBXTargetDependency */ = {
			isa = PBXTargetDependency;
			target = C726CE51295C09AD00EF549A /* SampleFramework */;
			targetProxy = C726CE56295C09AD00EF549A /* PBXContainerItemProxy */;
		};
/* End PBXTargetDependency section */

/* Begin XCBuildConfiguration section */
		C726CE43295C092100EF549A /* Debug */ = {
			isa = XCBuildConfiguration;
			buildSettings = {
				ALWAYS_SEARCH_USER_PATHS = NO;
				CLANG_ANALYZER_NONNULL = YES;
				CLANG_ANALYZER_NUMBER_OBJECT_CONVERSION = YES_AGGRESSIVE;
				CLANG_CXX_LANGUAGE_STANDARD = "gnu++20";
				CLANG_ENABLE_MODULES = YES;
				CLANG_ENABLE_OBJC_ARC = YES;
				CLANG_ENABLE_OBJC_WEAK = YES;
				CLANG_WARN_BLOCK_CAPTURE_AUTORELEASING = YES;
				CLANG_WARN_BOOL_CONVERSION = YES;
				CLANG_WARN_COMMA = YES;
				CLANG_WARN_CONSTANT_CONVERSION = YES;
				CLANG_WARN_DEPRECATED_OBJC_IMPLEMENTATIONS = YES;
				CLANG_WARN_DIRECT_OBJC_ISA_USAGE = YES_ERROR;
				CLANG_WARN_DOCUMENTATION_COMMENTS = YES;
				CLANG_WARN_EMPTY_BODY = YES;
				CLANG_WARN_ENUM_CONVERSION = YES;
				CLANG_WARN_INFINITE_RECURSION = YES;
				CLANG_WARN_INT_CONVERSION = YES;
				CLANG_WARN_NON_LITERAL_NULL_CONVERSION = YES;
				CLANG_WARN_OBJC_IMPLICIT_RETAIN_SELF = YES;
				CLANG_WARN_OBJC_LITERAL_CONVERSION = YES;
				CLANG_WARN_OBJC_ROOT_CLASS = YES_ERROR;
				CLANG_WARN_QUOTED_INCLUDE_IN_FRAMEWORK_HEADER = YES;
				CLANG_WARN_RANGE_LOOP_ANALYSIS = YES;
				CLANG_WARN_STRICT_PROTOTYPES = YES;
				CLANG_WARN_SUSPICIOUS_MOVE = YES;
				CLANG_WARN_UNGUARDED_AVAILABILITY = YES_AGGRESSIVE;
				CLANG_WARN_UNREACHABLE_CODE = YES;
				CLANG_WARN__DUPLICATE_METHOD_MATCH = YES;
				COPY_PHASE_STRIP = NO;
				DEBUG_INFORMATION_FORMAT = dwarf;
				ENABLE_STRICT_OBJC_MSGSEND = YES;
				ENABLE_TESTABILITY = YES;
				GCC_C_LANGUAGE_STANDARD = gnu11;
				GCC_DYNAMIC_NO_PIC = NO;
				GCC_NO_COMMON_BLOCKS = YES;
				GCC_OPTIMIZATION_LEVEL = 0;
				GCC_PREPROCESSOR_DEFINITIONS = (
					"DEBUG=1",
					"$(inherited)",
				);
				GCC_WARN_64_TO_32_BIT_CONVERSION = YES;
				GCC_WARN_ABOUT_RETURN_TYPE = YES_ERROR;
				GCC_WARN_UNDECLARED_SELECTOR = YES;
				GCC_WARN_UNINITIALIZED_AUTOS = YES_AGGRESSIVE;
				GCC_WARN_UNUSED_FUNCTION = YES;
				GCC_WARN_UNUSED_VARIABLE = YES;
				IPHONEOS_DEPLOYMENT_TARGET = 16.1;
				MTL_ENABLE_DEBUG_INFO = INCLUDE_SOURCE;
				MTL_FAST_MATH = YES;
				ONLY_ACTIVE_ARCH = YES;
				SDKROOT = iphoneos;
				SWIFT_ACTIVE_COMPILATION_CONDITIONS = DEBUG;
				SWIFT_OPTIMIZATION_LEVEL = "-Onone";
			};
			name = Debug;
		};
		C726CE44295C092100EF549A /* Release */ = {
			isa = XCBuildConfiguration;
			buildSettings = {
				ALWAYS_SEARCH_USER_PATHS = NO;
				CLANG_ANALYZER_NONNULL = YES;
				CLANG_ANALYZER_NUMBER_OBJECT_CONVERSION = YES_AGGRESSIVE;
				CLANG_CXX_LANGUAGE_STANDARD = "gnu++20";
				CLANG_ENABLE_MODULES = YES;
				CLANG_ENABLE_OBJC_ARC = YES;
				CLANG_ENABLE_OBJC_WEAK = YES;
				CLANG_WARN_BLOCK_CAPTURE_AUTORELEASING = YES;
				CLANG_WARN_BOOL_CONVERSION = YES;
				CLANG_WARN_COMMA = YES;
				CLANG_WARN_CONSTANT_CONVERSION = YES;
				CLANG_WARN_DEPRECATED_OBJC_IMPLEMENTATIONS = YES;
				CLANG_WARN_DIRECT_OBJC_ISA_USAGE = YES_ERROR;
				CLANG_WARN_DOCUMENTATION_COMMENTS = YES;
				CLANG_WARN_EMPTY_BODY = YES;
				CLANG_WARN_ENUM_CONVERSION = YES;
				CLANG_WARN_INFINITE_RECURSION = YES;
				CLANG_WARN_INT_CONVERSION = YES;
				CLANG_WARN_NON_LITERAL_NULL_CONVERSION = YES;
				CLANG_WARN_OBJC_IMPLICIT_RETAIN_SELF = YES;
				CLANG_WARN_OBJC_LITERAL_CONVERSION = YES;
				CLANG_WARN_OBJC_ROOT_CLASS = YES_ERROR;
				CLANG_WARN_QUOTED_INCLUDE_IN_FRAMEWORK_HEADER = YES;
				CLANG_WARN_RANGE_LOOP_ANALYSIS = YES;
				CLANG_WARN_STRICT_PROTOTYPES = YES;
				CLANG_WARN_SUSPICIOUS_MOVE = YES;
				CLANG_WARN_UNGUARDED_AVAILABILITY = YES_AGGRESSIVE;
				CLANG_WARN_UNREACHABLE_CODE = YES;
				CLANG_WARN__DUPLICATE_METHOD_MATCH = YES;
				COPY_PHASE_STRIP = NO;
				DEBUG_INFORMATION_FORMAT = "dwarf-with-dsym";
				ENABLE_NS_ASSERTIONS = NO;
				ENABLE_STRICT_OBJC_MSGSEND = YES;
				GCC_C_LANGUAGE_STANDARD = gnu11;
				GCC_NO_COMMON_BLOCKS = YES;
				GCC_WARN_64_TO_32_BIT_CONVERSION = YES;
				GCC_WARN_ABOUT_RETURN_TYPE = YES_ERROR;
				GCC_WARN_UNDECLARED_SELECTOR = YES;
				GCC_WARN_UNINITIALIZED_AUTOS = YES_AGGRESSIVE;
				GCC_WARN_UNUSED_FUNCTION = YES;
				GCC_WARN_UNUSED_VARIABLE = YES;
				IPHONEOS_DEPLOYMENT_TARGET = 16.1;
				MTL_ENABLE_DEBUG_INFO = NO;
				MTL_FAST_MATH = YES;
				SDKROOT = iphoneos;
				SWIFT_COMPILATION_MODE = wholemodule;
				SWIFT_OPTIMIZATION_LEVEL = "-O";
				VALIDATE_PRODUCT = YES;
			};
			name = Release;
		};
		C726CE46295C092100EF549A /* Debug */ = {
			isa = XCBuildConfiguration;
			buildSettings = {
				ASSETCATALOG_COMPILER_APPICON_NAME = AppIcon;
				ASSETCATALOG_COMPILER_GLOBAL_ACCENT_COLOR_NAME = AccentColor;
				CODE_SIGN_STYLE = Automatic;
				CURRENT_PROJECT_VERSION = 1;
				DEVELOPMENT_ASSET_PATHS = "\"TCAFrameworkDependencyBug/Preview Content\"";
				ENABLE_PREVIEWS = YES;
				GENERATE_INFOPLIST_FILE = YES;
				INFOPLIST_KEY_UIApplicationSceneManifest_Generation = YES;
				INFOPLIST_KEY_UIApplicationSupportsIndirectInputEvents = YES;
				INFOPLIST_KEY_UILaunchScreen_Generation = YES;
				INFOPLIST_KEY_UISupportedInterfaceOrientations_iPad = "UIInterfaceOrientationPortrait UIInterfaceOrientationPortraitUpsideDown UIInterfaceOrientationLandscapeLeft UIInterfaceOrientationLandscapeRight";
				INFOPLIST_KEY_UISupportedInterfaceOrientations_iPhone = "UIInterfaceOrientationPortrait UIInterfaceOrientationLandscapeLeft UIInterfaceOrientationLandscapeRight";
				LD_RUNPATH_SEARCH_PATHS = (
					"$(inherited)",
					"@executable_path/Frameworks",
				);
				MARKETING_VERSION = 1.0;
				PRODUCT_BUNDLE_IDENTIFIER = com.kalupas226.TCAFrameworkDependencyBug;
				PRODUCT_NAME = "$(TARGET_NAME)";
				SWIFT_EMIT_LOC_STRINGS = YES;
				SWIFT_VERSION = 5.0;
				TARGETED_DEVICE_FAMILY = "1,2";
			};
			name = Debug;
		};
		C726CE47295C092100EF549A /* Release */ = {
			isa = XCBuildConfiguration;
			buildSettings = {
				ASSETCATALOG_COMPILER_APPICON_NAME = AppIcon;
				ASSETCATALOG_COMPILER_GLOBAL_ACCENT_COLOR_NAME = AccentColor;
				CODE_SIGN_STYLE = Automatic;
				CURRENT_PROJECT_VERSION = 1;
				DEVELOPMENT_ASSET_PATHS = "\"TCAFrameworkDependencyBug/Preview Content\"";
				ENABLE_PREVIEWS = YES;
				GENERATE_INFOPLIST_FILE = YES;
				INFOPLIST_KEY_UIApplicationSceneManifest_Generation = YES;
				INFOPLIST_KEY_UIApplicationSupportsIndirectInputEvents = YES;
				INFOPLIST_KEY_UILaunchScreen_Generation = YES;
				INFOPLIST_KEY_UISupportedInterfaceOrientations_iPad = "UIInterfaceOrientationPortrait UIInterfaceOrientationPortraitUpsideDown UIInterfaceOrientationLandscapeLeft UIInterfaceOrientationLandscapeRight";
				INFOPLIST_KEY_UISupportedInterfaceOrientations_iPhone = "UIInterfaceOrientationPortrait UIInterfaceOrientationLandscapeLeft UIInterfaceOrientationLandscapeRight";
				LD_RUNPATH_SEARCH_PATHS = (
					"$(inherited)",
					"@executable_path/Frameworks",
				);
				MARKETING_VERSION = 1.0;
				PRODUCT_BUNDLE_IDENTIFIER = com.kalupas226.TCAFrameworkDependencyBug;
				PRODUCT_NAME = "$(TARGET_NAME)";
				SWIFT_EMIT_LOC_STRINGS = YES;
				SWIFT_VERSION = 5.0;
				TARGETED_DEVICE_FAMILY = "1,2";
			};
			name = Release;
		};
		C726CE5B295C09AD00EF549A /* Debug */ = {
			isa = XCBuildConfiguration;
			buildSettings = {
				CODE_SIGN_STYLE = Automatic;
				CURRENT_PROJECT_VERSION = 1;
				DEFINES_MODULE = YES;
				DYLIB_COMPATIBILITY_VERSION = 1;
				DYLIB_CURRENT_VERSION = 1;
				DYLIB_INSTALL_NAME_BASE = "@rpath";
				GENERATE_INFOPLIST_FILE = YES;
				INFOPLIST_KEY_NSHumanReadableCopyright = "";
				INSTALL_PATH = "$(LOCAL_LIBRARY_DIR)/Frameworks";
				LD_RUNPATH_SEARCH_PATHS = (
					"$(inherited)",
					"@executable_path/Frameworks",
					"@loader_path/Frameworks",
				);
				MARKETING_VERSION = 1.0;
				PRODUCT_BUNDLE_IDENTIFIER = com.kalupas226.SampleFramework;
				PRODUCT_NAME = "$(TARGET_NAME:c99extidentifier)";
				SKIP_INSTALL = YES;
				SWIFT_EMIT_LOC_STRINGS = YES;
				SWIFT_VERSION = 5.0;
				TARGETED_DEVICE_FAMILY = "1,2";
				VERSIONING_SYSTEM = "apple-generic";
				VERSION_INFO_PREFIX = "";
			};
			name = Debug;
		};
		C726CE5C295C09AD00EF549A /* Release */ = {
			isa = XCBuildConfiguration;
			buildSettings = {
				CODE_SIGN_STYLE = Automatic;
				CURRENT_PROJECT_VERSION = 1;
				DEFINES_MODULE = YES;
				DYLIB_COMPATIBILITY_VERSION = 1;
				DYLIB_CURRENT_VERSION = 1;
				DYLIB_INSTALL_NAME_BASE = "@rpath";
				GENERATE_INFOPLIST_FILE = YES;
				INFOPLIST_KEY_NSHumanReadableCopyright = "";
				INSTALL_PATH = "$(LOCAL_LIBRARY_DIR)/Frameworks";
				LD_RUNPATH_SEARCH_PATHS = (
					"$(inherited)",
					"@executable_path/Frameworks",
					"@loader_path/Frameworks",
				);
				MARKETING_VERSION = 1.0;
				PRODUCT_BUNDLE_IDENTIFIER = com.kalupas226.SampleFramework;
				PRODUCT_NAME = "$(TARGET_NAME:c99extidentifier)";
				SKIP_INSTALL = YES;
				SWIFT_EMIT_LOC_STRINGS = YES;
				SWIFT_VERSION = 5.0;
				TARGETED_DEVICE_FAMILY = "1,2";
				VERSIONING_SYSTEM = "apple-generic";
				VERSION_INFO_PREFIX = "";
			};
			name = Release;
		};
/* End XCBuildConfiguration section */

/* Begin XCConfigurationList section */
		C726CE32295C092000EF549A /* Build configuration list for PBXProject "TCAFrameworkDependencyBug" */ = {
			isa = XCConfigurationList;
			buildConfigurations = (
				C726CE43295C092100EF549A /* Debug */,
				C726CE44295C092100EF549A /* Release */,
			);
			defaultConfigurationIsVisible = 0;
			defaultConfigurationName = Release;
		};
		C726CE45295C092100EF549A /* Build configuration list for PBXNativeTarget "TCAFrameworkDependencyBug" */ = {
			isa = XCConfigurationList;
			buildConfigurations = (
				C726CE46295C092100EF549A /* Debug */,
				C726CE47295C092100EF549A /* Release */,
			);
			defaultConfigurationIsVisible = 0;
			defaultConfigurationName = Release;
		};
		C726CE5A295C09AD00EF549A /* Build configuration list for PBXNativeTarget "SampleFramework" */ = {
			isa = XCConfigurationList;
			buildConfigurations = (
				C726CE5B295C09AD00EF549A /* Debug */,
				C726CE5C295C09AD00EF549A /* Release */,
			);
			defaultConfigurationIsVisible = 0;
			defaultConfigurationName = Release;
		};
/* End XCConfigurationList section */

/* Begin XCRemoteSwiftPackageReference section */
		C726CE48295C097E00EF549A /* XCRemoteSwiftPackageReference "swift-composable-architecture" */ = {
			isa = XCRemoteSwiftPackageReference;
			repositoryURL = "https://github.com/pointfreeco/swift-composable-architecture.git";
			requirement = {
				branch = main;
				kind = branch;
			};
		};
/* End XCRemoteSwiftPackageReference section */

/* Begin XCSwiftPackageProductDependency section */
		C726CE49295C097E00EF549A /* ComposableArchitecture */ = {
			isa = XCSwiftPackageProductDependency;
			package = C726CE48295C097E00EF549A /* XCRemoteSwiftPackageReference "swift-composable-architecture" */;
			productName = ComposableArchitecture;
		};
		C726CE4B295C097E00EF549A /* Dependencies */ = {
			isa = XCSwiftPackageProductDependency;
			package = C726CE48295C097E00EF549A /* XCRemoteSwiftPackageReference "swift-composable-architecture" */;
			productName = Dependencies;
		};
		C726CE5F295C09C500EF549A /* ComposableArchitecture */ = {
			isa = XCSwiftPackageProductDependency;
			package = C726CE48295C097E00EF549A /* XCRemoteSwiftPackageReference "swift-composable-architecture" */;
			productName = ComposableArchitecture;
		};
		C726CE61295C09C500EF549A /* Dependencies */ = {
			isa = XCSwiftPackageProductDependency;
			package = C726CE48295C097E00EF549A /* XCRemoteSwiftPackageReference "swift-composable-architecture" */;
			productName = Dependencies;
		};
/* End XCSwiftPackageProductDependency section */
	};
	rootObject = C726CE2F295C092000EF549A /* Project object */;
}
